
Microsoft Visual Studio Solution File, Format Version 12.00
# Visual Studio 15
VisualStudioVersion = 15.0.26730.12
MinimumVisualStudioVersion = 10.0.40219.1
Project("{8BC9CEB8-8B4A-11D0-8D11-00A0C91BC942}") = "Chapter12", "Chapter12\Chapter12.vcxproj", "{9CDC607C-FDB7-4C68-8036-981F7286F37A}"
EndProject
Project("{8BC9CEB8-8B4A-11D0-8D11-00A0C91BC942}") = "Chapter13", "Chapter13\Chapter13.vcxproj", "{5CE86013-F57A-4C9E-8511-BBBF85AA2E4E}"
EndProject
Project("{8BC9CEB8-8B4A-11D0-8D11-00A0C91BC942}") = "Chapter14", "Chapter14\Chapter14.vcxproj", "{488E7EF0-5CBC-493C-B053-054F87A1E6FE}"
EndProject
Global
	GlobalSection(SolutionConfigurationPlatforms) = preSolution
		Debug|x64 = Debug|x64
		Debug|x86 = Debug|x86
		Release|x64 = Release|x64
		Release|x86 = Release|x86
	EndGlobalSection
	GlobalSection(ProjectConfigurationPlatforms) = postSolution
		{9CDC607C-FDB7-4C68-8036-981F7286F37A}.Debug|x64.ActiveCfg = Debug|x64
		{9CDC607C-FDB7-4C68-8036-981F7286F37A}.Debug|x64.Build.0 = Debug|x64
		{9CDC607C-FDB7-4C68-8036-981F7286F37A}.Debug|x86.ActiveCfg = Debug|Win32
		{9CDC607C-FDB7-4C68-8036-981F7286F37A}.Debug|x86.Build.0 = Debug|Win32
		{9CDC607C-FDB7-4C68-8036-981F7286F37A}.Release|x64.ActiveCfg = Release|x64
		{9CDC607C-FDB7-4C68-8036-981F7286F37A}.Release|x64.Build.0 = Release|x64
		{9CDC607C-FDB7-4C68-8036-981F7286F37A}.Release|x86.ActiveCfg = Release|Win32
		{9CDC607C-FDB7-4C68-8036-981F7286F37A}.Release|x86.Build.0 = Release|Win32
		{5CE86013-F57A-4C9E-8511-BBBF85AA2E4E}.Debug|x64.ActiveCfg = Debug|x64
		{5CE86013-F57A-4C9E-8511-BBBF85AA2E4E}.Debug|x64.Build.0 = Debug|x64
		{5CE86013-F57A-4C9E-8511-BBBF85AA2E4E}.Debug|x86.ActiveCfg = Debug|Win32
		{5CE86013-F57A-4C9E-8511-BBBF85AA2E4E}.Debug|x86.Build.0 = Debug|Win32
		{5CE86013-F57A-4C9E-8511-BBBF85AA2E4E}.Release|x64.ActiveCfg = Release|x64
		{5CE86013-F57A-4C9E-8511-BBBF85AA2E4E}.Release|x64.Build.0 = Release|x64
		{5CE86013-F57A-4C9E-8511-BBBF85AA2E4E}.Release|x86.ActiveCfg = Release|Win32
		{5CE86013-F57A-4C9E-8511-BBBF85AA2E4E}.Release|x86.Build.0 = Release|Win32
		{488E7EF0-5CBC-493C-B053-054F87A1E6FE}.Debug|x64.ActiveCfg = Debug|x64
		{488E7EF0-5CBC-493C-B053-054F87A1E6FE}.Debug|x64.Build.0 = Debug|x64
		{488E7EF0-5CBC-493C-B053-054F87A1E6FE}.Debug|x86.ActiveCfg = Debug|Win32
		{488E7EF0-5CBC-493C-B053-054F87A1E6FE}.Debug|x86.Build.0 = Debug|Win32
		{488E7EF0-5CBC-493C-B053-054F87A1E6FE}.Release|x64.ActiveCfg = Release|x64
		{488E7EF0-5CBC-493C-B053-054F87A1E6FE}.Release|x64.Build.0 = Release|x64
		{488E7EF0-5CBC-493C-B053-054F87A1E6FE}.Release|x86.ActiveCfg = Release|Win32
		{488E7EF0-5CBC-493C-B053-054F87A1E6FE}.Release|x86.Build.0 = Release|Win32
	EndGlobalSection
	GlobalSection(SolutionProperties) = preSolution
		HideSolutionNode = FALSE
	EndGlobalSection
	GlobalSection(ExtensibilityGlobals) = postSolution
		SolutionGuid = {5F241249-5E70-41B5-AB76-3868C7BBE9D6}
	EndGlobalSection
EndGlobal
