
Microsoft Visual Studio Solution File, Format Version 12.00
# Visual Studio 15
VisualStudioVersion = 15.0.26730.12
MinimumVisualStudioVersion = 10.0.40219.1
Project("{8BC9CEB8-8B4A-11D0-8D11-00A0C91BC942}") = "Chapter12", "Chapter12\Chapter12.vcxproj", "{9CDC607C-FDB7-4C68-8036-981F7286F37A}"
EndProject
Project("{8BC9CEB8-8B4A-11D0-8D11-00A0C91BC942}") = "Chapter13", "Chapter13\Chapter13.vcxproj", "{5CE86013-F57A-4C9E-8511-BBBF85AA2E4E}"
EndProject
Project("{8BC9CEB8-8B4A-11D0-8D11-00A0C91BC942}") = "Chapter14", "Chapter14\Chapter14.vcxproj", "{488E7EF0-5CBC-493C-B053-054F87A1E6FE}"
EndProject
Project("{8BC9CEB8-8B4A-11D0-8D11-00A0C91BC942}") = "Chapter16", "Chapter16\Chapter16.vcxproj", "{B38522C0-E37D-4914-86DD-60E936163A86}"
EndProject
Project("{8BC9CEB8-8B4A-11D0-8D11-00A0C91BC942}") = "Chapter21", "Chapter21\Chapter21.vcxproj", "{11DF3B11-420C-4063-8A2D-754407D7979C}"
EndProject
Project("{8BC9CEB8-8B4A-11D0-8D11-00A0C91BC942}") = "chapter22", "chapter22\chapter22.vcxproj", "{CD3D6533-06A5-4438-B649-941662821154}"
EndProject
Project("{8BC9CEB8-8B4A-11D0-8D11-00A0C91BC942}") = "Chapter23", "Chapter23\Chapter23.vcxproj", "{DCC598EA-74B1-4A5E-92C4-2DE5E50E0667}"
EndProject
Project("{8BC9CEB8-8B4A-11D0-8D11-00A0C91BC942}") = "Chapter24", "Chapter24\Chapter24.vcxproj", "{4D93DBD8-8992-4A20-9D96-2C6EEE0A458C}"
EndProject
Project("{8BC9CEB8-8B4A-11D0-8D11-00A0C91BC942}") = "Chapter25", "Chapter25\Chapter25.vcxproj", "{25E35A44-A66C-49D4-8ED9-8AFA950D72F8}"
EndProject
Project("{8BC9CEB8-8B4A-11D0-8D11-00A0C91BC942}") = "Chapter26", "Chapter26\Chapter26.vcxproj", "{88BECF3A-B284-4EE5-9900-582F4B58DCBD}"
EndProject
Global
	GlobalSection(SolutionConfigurationPlatforms) = preSolution
		Debug|x64 = Debug|x64
		Debug|x86 = Debug|x86
		Release|x64 = Release|x64
		Release|x86 = Release|x86
	EndGlobalSection
	GlobalSection(ProjectConfigurationPlatforms) = postSolution
		{9CDC607C-FDB7-4C68-8036-981F7286F37A}.Debug|x64.ActiveCfg = Debug|x64
		{9CDC607C-FDB7-4C68-8036-981F7286F37A}.Debug|x64.Build.0 = Debug|x64
		{9CDC607C-FDB7-4C68-8036-981F7286F37A}.Debug|x86.ActiveCfg = Debug|Win32
		{9CDC607C-FDB7-4C68-8036-981F7286F37A}.Debug|x86.Build.0 = Debug|Win32
		{9CDC607C-FDB7-4C68-8036-981F7286F37A}.Release|x64.ActiveCfg = Release|x64
		{9CDC607C-FDB7-4C68-8036-981F7286F37A}.Release|x64.Build.0 = Release|x64
		{9CDC607C-FDB7-4C68-8036-981F7286F37A}.Release|x86.ActiveCfg = Release|Win32
		{9CDC607C-FDB7-4C68-8036-981F7286F37A}.Release|x86.Build.0 = Release|Win32
		{5CE86013-F57A-4C9E-8511-BBBF85AA2E4E}.Debug|x64.ActiveCfg = Debug|x64
		{5CE86013-F57A-4C9E-8511-BBBF85AA2E4E}.Debug|x64.Build.0 = Debug|x64
		{5CE86013-F57A-4C9E-8511-BBBF85AA2E4E}.Debug|x86.ActiveCfg = Debug|Win32
		{5CE86013-F57A-4C9E-8511-BBBF85AA2E4E}.Debug|x86.Build.0 = Debug|Win32
		{5CE86013-F57A-4C9E-8511-BBBF85AA2E4E}.Release|x64.ActiveCfg = Release|x64
		{5CE86013-F57A-4C9E-8511-BBBF85AA2E4E}.Release|x64.Build.0 = Release|x64
		{5CE86013-F57A-4C9E-8511-BBBF85AA2E4E}.Release|x86.ActiveCfg = Release|Win32
		{5CE86013-F57A-4C9E-8511-BBBF85AA2E4E}.Release|x86.Build.0 = Release|Win32
		{488E7EF0-5CBC-493C-B053-054F87A1E6FE}.Debug|x64.ActiveCfg = Debug|x64
		{488E7EF0-5CBC-493C-B053-054F87A1E6FE}.Debug|x64.Build.0 = Debug|x64
		{488E7EF0-5CBC-493C-B053-054F87A1E6FE}.Debug|x86.ActiveCfg = Debug|Win32
		{488E7EF0-5CBC-493C-B053-054F87A1E6FE}.Debug|x86.Build.0 = Debug|Win32
		{488E7EF0-5CBC-493C-B053-054F87A1E6FE}.Release|x64.ActiveCfg = Release|x64
		{488E7EF0-5CBC-493C-B053-054F87A1E6FE}.Release|x64.Build.0 = Release|x64
		{488E7EF0-5CBC-493C-B053-054F87A1E6FE}.Release|x86.ActiveCfg = Release|Win32
		{488E7EF0-5CBC-493C-B053-054F87A1E6FE}.Release|x86.Build.0 = Release|Win32
		{B38522C0-E37D-4914-86DD-60E936163A86}.Debug|x64.ActiveCfg = Debug|x64
		{B38522C0-E37D-4914-86DD-60E936163A86}.Debug|x64.Build.0 = Debug|x64
		{B38522C0-E37D-4914-86DD-60E936163A86}.Debug|x86.ActiveCfg = Debug|Win32
		{B38522C0-E37D-4914-86DD-60E936163A86}.Debug|x86.Build.0 = Debug|Win32
		{B38522C0-E37D-4914-86DD-60E936163A86}.Release|x64.ActiveCfg = Release|x64
		{B38522C0-E37D-4914-86DD-60E936163A86}.Release|x64.Build.0 = Release|x64
		{B38522C0-E37D-4914-86DD-60E936163A86}.Release|x86.ActiveCfg = Release|Win32
		{B38522C0-E37D-4914-86DD-60E936163A86}.Release|x86.Build.0 = Release|Win32
		{11DF3B11-420C-4063-8A2D-754407D7979C}.Debug|x64.ActiveCfg = Debug|x64
		{11DF3B11-420C-4063-8A2D-754407D7979C}.Debug|x64.Build.0 = Debug|x64
		{11DF3B11-420C-4063-8A2D-754407D7979C}.Debug|x86.ActiveCfg = Debug|Win32
		{11DF3B11-420C-4063-8A2D-754407D7979C}.Debug|x86.Build.0 = Debug|Win32
		{11DF3B11-420C-4063-8A2D-754407D7979C}.Release|x64.ActiveCfg = Release|x64
		{11DF3B11-420C-4063-8A2D-754407D7979C}.Release|x64.Build.0 = Release|x64
		{11DF3B11-420C-4063-8A2D-754407D7979C}.Release|x86.ActiveCfg = Release|Win32
		{11DF3B11-420C-4063-8A2D-754407D7979C}.Release|x86.Build.0 = Release|Win32
		{CD3D6533-06A5-4438-B649-941662821154}.Debug|x64.ActiveCfg = Debug|x64
		{CD3D6533-06A5-4438-B649-941662821154}.Debug|x64.Build.0 = Debug|x64
		{CD3D6533-06A5-4438-B649-941662821154}.Debug|x86.ActiveCfg = Debug|Win32
		{CD3D6533-06A5-4438-B649-941662821154}.Debug|x86.Build.0 = Debug|Win32
		{CD3D6533-06A5-4438-B649-941662821154}.Release|x64.ActiveCfg = Release|x64
		{CD3D6533-06A5-4438-B649-941662821154}.Release|x64.Build.0 = Release|x64
		{CD3D6533-06A5-4438-B649-941662821154}.Release|x86.ActiveCfg = Release|Win32
		{CD3D6533-06A5-4438-B649-941662821154}.Release|x86.Build.0 = Release|Win32
		{DCC598EA-74B1-4A5E-92C4-2DE5E50E0667}.Debug|x64.ActiveCfg = Debug|x64
		{DCC598EA-74B1-4A5E-92C4-2DE5E50E0667}.Debug|x64.Build.0 = Debug|x64
		{DCC598EA-74B1-4A5E-92C4-2DE5E50E0667}.Debug|x86.ActiveCfg = Debug|Win32
		{DCC598EA-74B1-4A5E-92C4-2DE5E50E0667}.Debug|x86.Build.0 = Debug|Win32
		{DCC598EA-74B1-4A5E-92C4-2DE5E50E0667}.Release|x64.ActiveCfg = Release|x64
		{DCC598EA-74B1-4A5E-92C4-2DE5E50E0667}.Release|x64.Build.0 = Release|x64
		{DCC598EA-74B1-4A5E-92C4-2DE5E50E0667}.Release|x86.ActiveCfg = Release|Win32
		{DCC598EA-74B1-4A5E-92C4-2DE5E50E0667}.Release|x86.Build.0 = Release|Win32
		{4D93DBD8-8992-4A20-9D96-2C6EEE0A458C}.Debug|x64.ActiveCfg = Debug|x64
		{4D93DBD8-8992-4A20-9D96-2C6EEE0A458C}.Debug|x64.Build.0 = Debug|x64
		{4D93DBD8-8992-4A20-9D96-2C6EEE0A458C}.Debug|x86.ActiveCfg = Debug|Win32
		{4D93DBD8-8992-4A20-9D96-2C6EEE0A458C}.Debug|x86.Build.0 = Debug|Win32
		{4D93DBD8-8992-4A20-9D96-2C6EEE0A458C}.Release|x64.ActiveCfg = Release|x64
		{4D93DBD8-8992-4A20-9D96-2C6EEE0A458C}.Release|x64.Build.0 = Release|x64
		{4D93DBD8-8992-4A20-9D96-2C6EEE0A458C}.Release|x86.ActiveCfg = Release|Win32
		{4D93DBD8-8992-4A20-9D96-2C6EEE0A458C}.Release|x86.Build.0 = Release|Win32
		{25E35A44-A66C-49D4-8ED9-8AFA950D72F8}.Debug|x64.ActiveCfg = Debug|x64
		{25E35A44-A66C-49D4-8ED9-8AFA950D72F8}.Debug|x64.Build.0 = Debug|x64
		{25E35A44-A66C-49D4-8ED9-8AFA950D72F8}.Debug|x86.ActiveCfg = Debug|Win32
		{25E35A44-A66C-49D4-8ED9-8AFA950D72F8}.Debug|x86.Build.0 = Debug|Win32
		{25E35A44-A66C-49D4-8ED9-8AFA950D72F8}.Release|x64.ActiveCfg = Release|x64
		{25E35A44-A66C-49D4-8ED9-8AFA950D72F8}.Release|x64.Build.0 = Release|x64
		{25E35A44-A66C-49D4-8ED9-8AFA950D72F8}.Release|x86.ActiveCfg = Release|Win32
		{25E35A44-A66C-49D4-8ED9-8AFA950D72F8}.Release|x86.Build.0 = Release|Win32
		{88BECF3A-B284-4EE5-9900-582F4B58DCBD}.Debug|x64.ActiveCfg = Debug|x64
		{88BECF3A-B284-4EE5-9900-582F4B58DCBD}.Debug|x64.Build.0 = Debug|x64
		{88BECF3A-B284-4EE5-9900-582F4B58DCBD}.Debug|x86.ActiveCfg = Debug|Win32
		{88BECF3A-B284-4EE5-9900-582F4B58DCBD}.Debug|x86.Build.0 = Debug|Win32
		{88BECF3A-B284-4EE5-9900-582F4B58DCBD}.Release|x64.ActiveCfg = Release|x64
		{88BECF3A-B284-4EE5-9900-582F4B58DCBD}.Release|x64.Build.0 = Release|x64
		{88BECF3A-B284-4EE5-9900-582F4B58DCBD}.Release|x86.ActiveCfg = Release|Win32
		{88BECF3A-B284-4EE5-9900-582F4B58DCBD}.Release|x86.Build.0 = Release|Win32
	EndGlobalSection
	GlobalSection(SolutionProperties) = preSolution
		HideSolutionNode = FALSE
	EndGlobalSection
	GlobalSection(ExtensibilityGlobals) = postSolution
		SolutionGuid = {5F241249-5E70-41B5-AB76-3868C7BBE9D6}
	EndGlobalSection
EndGlobal
